
Microsoft Visual Studio Solution File, Format Version 12.00
# Visual Studio Version 17
VisualStudioVersion = 17.10.34928.147
MinimumVisualStudioVersion = 10.0.40219.1
Project("{9A19103F-16F7-4668-BE54-9A1E7A4F7556}") = "Chat.DAL", "Chat.DAL\Chat.DAL.csproj", "{C77425D3-49CA-46DF-B5B3-ADD9A66E3A57}"
	ProjectSection(ProjectDependencies) = postProject
		{3035DCF3-34F9-419E-B06F-F4418E7D0FE7} = {3035DCF3-34F9-419E-B06F-F4418E7D0FE7}
	EndProjectSection
EndProject
Project("{9A19103F-16F7-4668-BE54-9A1E7A4F7556}") = "Chat.BLL", "Chat.BLL\Chat.BLL.csproj", "{3DB73278-FB53-4A6A-9056-239F8AFA386A}"
	ProjectSection(ProjectDependencies) = postProject
		{3035DCF3-34F9-419E-B06F-F4418E7D0FE7} = {3035DCF3-34F9-419E-B06F-F4418E7D0FE7}
		{C77425D3-49CA-46DF-B5B3-ADD9A66E3A57} = {C77425D3-49CA-46DF-B5B3-ADD9A66E3A57}
	EndProjectSection
EndProject
Project("{2150E333-8FDC-42A3-9474-1A3956D46DE8}") = "Chat", "Chat", "{3A037306-5763-4FDD-AA65-8D69BBFDF00D}"
EndProject
Project("{2150E333-8FDC-42A3-9474-1A3956D46DE8}") = "Microservices", "Microservices", "{275532CC-DFE4-441D-99C9-361D32B4C3F7}"
EndProject
Project("{9A19103F-16F7-4668-BE54-9A1E7A4F7556}") = "Chat.API", "Chat.API\Chat.API.csproj", "{7507B217-81C3-4A34-A8ED-229FC1C4ADD0}"
	ProjectSection(ProjectDependencies) = postProject
		{3035DCF3-34F9-419E-B06F-F4418E7D0FE7} = {3035DCF3-34F9-419E-B06F-F4418E7D0FE7}
		{3DB73278-FB53-4A6A-9056-239F8AFA386A} = {3DB73278-FB53-4A6A-9056-239F8AFA386A}
	EndProjectSection
EndProject
Project("{2150E333-8FDC-42A3-9474-1A3956D46DE8}") = "Core", "Core", "{C74F0D9D-88D5-4FD2-9024-D3CA1106DC39}"
EndProject
Project("{9A19103F-16F7-4668-BE54-9A1E7A4F7556}") = "Core", "Core\Core.csproj", "{3035DCF3-34F9-419E-B06F-F4418E7D0FE7}"
EndProject
Project("{E53339B2-1760-4266-BCC7-CA923CBCF16C}") = "docker-compose", "docker-compose.dcproj", "{B239E01E-79F6-4FC0-8A4D-CBB68F7DE9E5}"
EndProject
Global
	GlobalSection(SolutionConfigurationPlatforms) = preSolution
		Debug|Any CPU = Debug|Any CPU
		Release|Any CPU = Release|Any CPU
	EndGlobalSection
	GlobalSection(ProjectConfigurationPlatforms) = postSolution
		{C77425D3-49CA-46DF-B5B3-ADD9A66E3A57}.Debug|Any CPU.ActiveCfg = Debug|Any CPU
		{C77425D3-49CA-46DF-B5B3-ADD9A66E3A57}.Debug|Any CPU.Build.0 = Debug|Any CPU
		{C77425D3-49CA-46DF-B5B3-ADD9A66E3A57}.Release|Any CPU.ActiveCfg = Release|Any CPU
		{C77425D3-49CA-46DF-B5B3-ADD9A66E3A57}.Release|Any CPU.Build.0 = Release|Any CPU
		{3DB73278-FB53-4A6A-9056-239F8AFA386A}.Debug|Any CPU.ActiveCfg = Debug|Any CPU
		{3DB73278-FB53-4A6A-9056-239F8AFA386A}.Debug|Any CPU.Build.0 = Debug|Any CPU
		{3DB73278-FB53-4A6A-9056-239F8AFA386A}.Release|Any CPU.ActiveCfg = Release|Any CPU
		{3DB73278-FB53-4A6A-9056-239F8AFA386A}.Release|Any CPU.Build.0 = Release|Any CPU
		{7507B217-81C3-4A34-A8ED-229FC1C4ADD0}.Debug|Any CPU.ActiveCfg = Debug|Any CPU
		{7507B217-81C3-4A34-A8ED-229FC1C4ADD0}.Debug|Any CPU.Build.0 = Debug|Any CPU
		{7507B217-81C3-4A34-A8ED-229FC1C4ADD0}.Release|Any CPU.ActiveCfg = Release|Any CPU
		{7507B217-81C3-4A34-A8ED-229FC1C4ADD0}.Release|Any CPU.Build.0 = Release|Any CPU
		{3035DCF3-34F9-419E-B06F-F4418E7D0FE7}.Debug|Any CPU.ActiveCfg = Debug|Any CPU
		{3035DCF3-34F9-419E-B06F-F4418E7D0FE7}.Debug|Any CPU.Build.0 = Debug|Any CPU
		{3035DCF3-34F9-419E-B06F-F4418E7D0FE7}.Release|Any CPU.ActiveCfg = Release|Any CPU
		{3035DCF3-34F9-419E-B06F-F4418E7D0FE7}.Release|Any CPU.Build.0 = Release|Any CPU
		{B239E01E-79F6-4FC0-8A4D-CBB68F7DE9E5}.Debug|Any CPU.ActiveCfg = Debug|Any CPU
		{B239E01E-79F6-4FC0-8A4D-CBB68F7DE9E5}.Debug|Any CPU.Build.0 = Debug|Any CPU
		{B239E01E-79F6-4FC0-8A4D-CBB68F7DE9E5}.Release|Any CPU.ActiveCfg = Release|Any CPU
		{B239E01E-79F6-4FC0-8A4D-CBB68F7DE9E5}.Release|Any CPU.Build.0 = Release|Any CPU
	EndGlobalSection
	GlobalSection(SolutionProperties) = preSolution
		HideSolutionNode = FALSE
	EndGlobalSection
	GlobalSection(NestedProjects) = preSolution
		{C77425D3-49CA-46DF-B5B3-ADD9A66E3A57} = {3A037306-5763-4FDD-AA65-8D69BBFDF00D}
		{3DB73278-FB53-4A6A-9056-239F8AFA386A} = {3A037306-5763-4FDD-AA65-8D69BBFDF00D}
		{3A037306-5763-4FDD-AA65-8D69BBFDF00D} = {275532CC-DFE4-441D-99C9-361D32B4C3F7}
		{7507B217-81C3-4A34-A8ED-229FC1C4ADD0} = {3A037306-5763-4FDD-AA65-8D69BBFDF00D}
		{3035DCF3-34F9-419E-B06F-F4418E7D0FE7} = {C74F0D9D-88D5-4FD2-9024-D3CA1106DC39}
	EndGlobalSection
	GlobalSection(ExtensibilityGlobals) = postSolution
		SolutionGuid = {3F015583-485D-4448-BE86-58975BEBDBE4}
	EndGlobalSection
EndGlobal
